PODS:
  - FMDB (2.4):
    - FMDB/standard (= 2.4)
  - FMDB/common (2.4)
  - FMDB/standard (2.4):
    - FMDB/common
  - NXOAuth2Client (1.2.8)
  - OCMock (2.2.4)
  - SWRevealViewController (2.3.0)

DEPENDENCIES:
  - FMDB (~> 2.4)
  - NXOAuth2Client (~> 1.2.8)
  - OCMock (~> 2.2.1)
  - SWRevealViewController (~> 2.3.0)

SPEC CHECKSUMS:
  FMDB: 0b2fa25e5264ef177973c0cb8c02c711107979aa
  NXOAuth2Client: fa81be68c9ce628202028ae037c9c92cfbb37865
  OCMock: 6db79185520e24f9f299548f2b8b07e41d881bd5
  SWRevealViewController: f6d80638b8e12323e87ac79562345403a799cb77

COCOAPODS: 0.35.0
