<?xml version="1.0" encoding="UTF-8"?>
<!DOCTYPE plist PUBLIC "-//Apple//DTD PLIST 1.0//EN" "http://www.apple.com/DTDs/PropertyList-1.0.dtd">
<plist version="1.0">
<dict>
	<key>archiveVersion</key>
	<string>1</string>
	<key>classes</key>
	<dict/>
	<key>objectVersion</key>
	<string>46</string>
	<key>objects</key>
	<dict>
		<key>2C0EE0CA185926BE005773CF</key>
		<dict>
			<key>children</key>
			<array>
				<string>2C8D2400184C0C0A00F089B9</string>
				<string>2C8D2401184C0C0A00F089B9</string>
				<string>2C700AEC185B8ACD0042424A</string>
				<string>2C700AED185B8ACD0042424A</string>
				<string>2CF2E11B184DABF3001C5835</string>
				<string>2CF2E11C184DABF3001C5835</string>
				<string>2C44603918557186001FFA74</string>
				<string>2C44603A18557186001FFA74</string>
				<string>2C44603F1855A810001FFA74</string>
				<string>2C4460401855A810001FFA74</string>
				<string>2C8D2409184C715E00F089B9</string>
				<string>2C8D240A184C715E00F089B9</string>
				<string>2C700AEF185CDB2A0042424A</string>
				<string>2C700AF0185CDB2A0042424A</string>
				<string>2CC09B21185E179B00DE10FA</string>
				<string>2CC09B22185E179B00DE10FA</string>
				<string>2C9B9FE1186D47D600779111</string>
				<string>2C9B9FE2186D47D600779111</string>
			</array>
			<key>isa</key>
			<string>PBXGroup</string>
			<key>name</key>
			<string>Models</string>
			<key>sourceTree</key>
			<string>&lt;group&gt;</string>
		</dict>
		<key>2C0EE0CB185926DF005773CF</key>
		<dict>
			<key>children</key>
			<array>
				<string>2CA0481F1852EEC900BC95C4</string>
				<string>2CA048201852EEC900BC95C4</string>
				<string>2CA048221853021400BC95C4</string>
				<string>2CA048231853021400BC95C4</string>
				<string>2CFDF48018643C2000191B5E</string>
				<string>2CFDF48118643C2000191B5E</string>
			</array>
			<key>isa</key>
			<string>PBXGroup</string>
			<key>name</key>
			<string>Custom Views</string>
			<key>sourceTree</key>
			<string>&lt;group&gt;</string>
		</dict>
		<key>2C0EE0CC185972A8005773CF</key>
		<dict>
			<key>isa</key>
			<string>PBXFileReference</string>
			<key>lastKnownFileType</key>
			<string>wrapper.framework</string>
			<key>name</key>
			<string>CoreLocation.framework</string>
			<key>path</key>
			<string>System/Library/Frameworks/CoreLocation.framework</string>
			<key>sourceTree</key>
			<string>SDKROOT</string>
		</dict>
		<key>2C0EE0CD185972A8005773CF</key>
		<dict>
			<key>fileRef</key>
			<string>2C0EE0CC185972A8005773CF</string>
			<key>isa</key>
			<string>PBXBuildFile</string>
		</dict>
		<key>2C0EE0CE1859899D005773CF</key>
		<dict>
			<key>fileEncoding</key>
			<string>4</string>
			<key>isa</key>
			<string>PBXFileReference</string>
			<key>lastKnownFileType</key>
			<string>sourcecode.c.h</string>
			<key>path</key>
			<string>LocationsViewController.h</string>
			<key>sourceTree</key>
			<string>&lt;group&gt;</string>
		</dict>
		<key>2C0EE0CF1859899D005773CF</key>
		<dict>
			<key>fileEncoding</key>
			<string>4</string>
			<key>isa</key>
			<string>PBXFileReference</string>
			<key>lastKnownFileType</key>
			<string>sourcecode.c.objc</string>
			<key>path</key>
			<string>LocationsViewController.m</string>
			<key>sourceTree</key>
			<string>&lt;group&gt;</string>
		</dict>
		<key>2C0EE0D01859899D005773CF</key>
		<dict>
			<key>fileRef</key>
			<string>2C0EE0CF1859899D005773CF</string>
			<key>isa</key>
			<string>PBXBuildFile</string>
		</dict>
		<key>2C0EE0D41859A3AC005773CF</key>
		<dict>
			<key>fileEncoding</key>
			<string>4</string>
			<key>isa</key>
			<string>PBXFileReference</string>
			<key>lastKnownFileType</key>
			<string>sourcecode.c.h</string>
			<key>path</key>
			<string>SettingsViewController.h</string>
			<key>sourceTree</key>
			<string>&lt;group&gt;</string>
		</dict>
		<key>2C0EE0D51859A3AC005773CF</key>
		<dict>
			<key>fileEncoding</key>
			<string>4</string>
			<key>isa</key>
			<string>PBXFileReference</string>
			<key>lastKnownFileType</key>
			<string>sourcecode.c.objc</string>
			<key>path</key>
			<string>SettingsViewController.m</string>
			<key>sourceTree</key>
			<string>&lt;group&gt;</string>
		</dict>
		<key>2C0EE0D61859A3AC005773CF</key>
		<dict>
			<key>fileRef</key>
			<string>2C0EE0D51859A3AC005773CF</string>
			<key>isa</key>
			<string>PBXBuildFile</string>
		</dict>
		<key>2C0EE0D71859B3A3005773CF</key>
		<dict>
			<key>fileEncoding</key>
			<string>4</string>
			<key>isa</key>
			<string>PBXFileReference</string>
			<key>lastKnownFileType</key>
			<string>sourcecode.c.h</string>
			<key>path</key>
			<string>FloorsViewController.h</string>
			<key>sourceTree</key>
			<string>&lt;group&gt;</string>
		</dict>
		<key>2C0EE0D81859B3A3005773CF</key>
		<dict>
			<key>fileEncoding</key>
			<string>4</string>
			<key>isa</key>
			<string>PBXFileReference</string>
			<key>lastKnownFileType</key>
			<string>sourcecode.c.objc</string>
			<key>path</key>
			<string>FloorsViewController.m</string>
			<key>sourceTree</key>
			<string>&lt;group&gt;</string>
		</dict>
		<key>2C0EE0D91859B3A3005773CF</key>
		<dict>
			<key>fileRef</key>
			<string>2C0EE0D81859B3A3005773CF</string>
			<key>isa</key>
			<string>PBXBuildFile</string>
		</dict>
		<key>2C2776A81854511E00D063FE</key>
		<dict>
			<key>fileEncoding</key>
			<string>4</string>
			<key>isa</key>
			<string>PBXFileReference</string>
			<key>lastKnownFileType</key>
			<string>sourcecode.c.objc</string>
			<key>lineEnding</key>
			<string>0</string>
			<key>path</key>
			<string>ClockButtonTest.m</string>
			<key>sourceTree</key>
			<string>&lt;group&gt;</string>
			<key>xcLanguageSpecificationIdentifier</key>
			<string>xcode.lang.objc</string>
		</dict>
		<key>2C2776A91854511E00D063FE</key>
		<dict>
			<key>fileRef</key>
			<string>2C2776A81854511E00D063FE</string>
			<key>isa</key>
			<string>PBXBuildFile</string>
		</dict>
		<key>2C44603918557186001FFA74</key>
		<dict>
			<key>fileEncoding</key>
			<string>4</string>
			<key>isa</key>
			<string>PBXFileReference</string>
			<key>lastKnownFileType</key>
			<string>sourcecode.c.h</string>
			<key>lineEnding</key>
			<string>0</string>
			<key>path</key>
			<string>CABLFreeList.h</string>
			<key>sourceTree</key>
			<string>&lt;group&gt;</string>
			<key>xcLanguageSpecificationIdentifier</key>
			<string>xcode.lang.objcpp</string>
		</dict>
		<key>2C44603A18557186001FFA74</key>
		<dict>
			<key>fileEncoding</key>
			<string>4</string>
			<key>isa</key>
			<string>PBXFileReference</string>
			<key>lastKnownFileType</key>
			<string>sourcecode.c.objc</string>
			<key>lineEnding</key>
			<string>0</string>
			<key>path</key>
			<string>CABLFreeList.m</string>
			<key>sourceTree</key>
			<string>&lt;group&gt;</string>
			<key>xcLanguageSpecificationIdentifier</key>
			<string>xcode.lang.objc</string>
		</dict>
		<key>2C44603B18557186001FFA74</key>
		<dict>
			<key>fileRef</key>
			<string>2C44603A18557186001FFA74</string>
			<key>isa</key>
			<string>PBXBuildFile</string>
		</dict>
		<key>2C44603C1855A5B8001FFA74</key>
		<dict>
			<key>fileEncoding</key>
			<string>4</string>
			<key>isa</key>
			<string>PBXFileReference</string>
			<key>lastKnownFileType</key>
			<string>sourcecode.c.h</string>
			<key>lineEnding</key>
			<string>0</string>
			<key>path</key>
			<string>CitiesViewController.h</string>
			<key>sourceTree</key>
			<string>&lt;group&gt;</string>
			<key>xcLanguageSpecificationIdentifier</key>
			<string>xcode.lang.objcpp</string>
		</dict>
		<key>2C44603D1855A5B8001FFA74</key>
		<dict>
			<key>fileEncoding</key>
			<string>4</string>
			<key>isa</key>
			<string>PBXFileReference</string>
			<key>lastKnownFileType</key>
			<string>sourcecode.c.objc</string>
			<key>lineEnding</key>
			<string>0</string>
			<key>path</key>
			<string>CitiesViewController.m</string>
			<key>sourceTree</key>
			<string>&lt;group&gt;</string>
			<key>xcLanguageSpecificationIdentifier</key>
			<string>xcode.lang.objc</string>
		</dict>
		<key>2C44603E1855A5B8001FFA74</key>
		<dict>
			<key>fileRef</key>
			<string>2C44603D1855A5B8001FFA74</string>
			<key>isa</key>
			<string>PBXBuildFile</string>
		</dict>
		<key>2C44603F1855A810001FFA74</key>
		<dict>
			<key>fileEncoding</key>
			<string>4</string>
			<key>isa</key>
			<string>PBXFileReference</string>
			<key>lastKnownFileType</key>
			<string>sourcecode.c.h</string>
			<key>lineEnding</key>
			<string>0</string>
			<key>path</key>
			<string>CABLLocations.h</string>
			<key>sourceTree</key>
			<string>&lt;group&gt;</string>
			<key>xcLanguageSpecificationIdentifier</key>
			<string>xcode.lang.objcpp</string>
		</dict>
		<key>2C4460401855A810001FFA74</key>
		<dict>
			<key>fileEncoding</key>
			<string>4</string>
			<key>isa</key>
			<string>PBXFileReference</string>
			<key>lastKnownFileType</key>
			<string>sourcecode.c.objc</string>
			<key>lineEnding</key>
			<string>0</string>
			<key>path</key>
			<string>CABLLocations.m</string>
			<key>sourceTree</key>
			<string>&lt;group&gt;</string>
			<key>xcLanguageSpecificationIdentifier</key>
			<string>xcode.lang.objc</string>
		</dict>
		<key>2C4460411855A810001FFA74</key>
		<dict>
			<key>fileRef</key>
			<string>2C4460401855A810001FFA74</string>
			<key>isa</key>
			<string>PBXBuildFile</string>
		</dict>
		<key>2C5BDF4F184D905800C02B37</key>
		<dict>
			<key>fileEncoding</key>
			<string>4</string>
			<key>isa</key>
			<string>PBXFileReference</string>
			<key>lastKnownFileType</key>
			<string>sourcecode.c.objc</string>
			<key>lineEnding</key>
			<string>0</string>
			<key>path</key>
			<string>CABLResourceLoaderTest.m</string>
			<key>sourceTree</key>
			<string>&lt;group&gt;</string>
			<key>xcLanguageSpecificationIdentifier</key>
			<string>xcode.lang.objc</string>
		</dict>
		<key>2C5BDF50184D905800C02B37</key>
		<dict>
			<key>fileRef</key>
			<string>2C5BDF4F184D905800C02B37</string>
			<key>isa</key>
			<string>PBXBuildFile</string>
		</dict>
		<key>2C5BDF51184D94CE00C02B37</key>
		<dict>
			<key>fileEncoding</key>
			<string>4</string>
			<key>isa</key>
			<string>PBXFileReference</string>
			<key>lastKnownFileType</key>
			<string>text.xml</string>
			<key>path</key>
			<string>resource_input.xml</string>
			<key>sourceTree</key>
			<string>&lt;group&gt;</string>
		</dict>
		<key>2C5BDF52184D94CE00C02B37</key>
		<dict>
			<key>fileRef</key>
			<string>2C5BDF51184D94CE00C02B37</string>
			<key>isa</key>
			<string>PBXBuildFile</string>
		</dict>
		<key>2C700AEC185B8ACD0042424A</key>
		<dict>
			<key>fileEncoding</key>
			<string>4</string>
			<key>isa</key>
			<string>PBXFileReference</string>
			<key>lastKnownFileType</key>
			<string>sourcecode.c.h</string>
			<key>path</key>
			<string>CABLEvent.h</string>
			<key>sourceTree</key>
			<string>&lt;group&gt;</string>
		</dict>
		<key>2C700AED185B8ACD0042424A</key>
		<dict>
			<key>fileEncoding</key>
			<string>4</string>
			<key>isa</key>
			<string>PBXFileReference</string>
			<key>lastKnownFileType</key>
			<string>sourcecode.c.objc</string>
			<key>path</key>
			<string>CABLEvent.m</string>
			<key>sourceTree</key>
			<string>&lt;group&gt;</string>
		</dict>
		<key>2C700AEE185B8ACD0042424A</key>
		<dict>
			<key>fileRef</key>
			<string>2C700AED185B8ACD0042424A</string>
			<key>isa</key>
			<string>PBXBuildFile</string>
		</dict>
		<key>2C700AEF185CDB2A0042424A</key>
		<dict>
			<key>fileEncoding</key>
			<string>4</string>
			<key>isa</key>
			<string>PBXFileReference</string>
			<key>lastKnownFileType</key>
			<string>sourcecode.c.h</string>
			<key>path</key>
			<string>CABLResourceParser.h</string>
			<key>sourceTree</key>
			<string>&lt;group&gt;</string>
		</dict>
		<key>2C700AF0185CDB2A0042424A</key>
		<dict>
			<key>fileEncoding</key>
			<string>4</string>
			<key>isa</key>
			<string>PBXFileReference</string>
			<key>lastKnownFileType</key>
			<string>sourcecode.c.objc</string>
			<key>path</key>
			<string>CABLResourceParser.m</string>
			<key>sourceTree</key>
			<string>&lt;group&gt;</string>
		</dict>
		<key>2C700AF1185CDB2A0042424A</key>
		<dict>
			<key>fileRef</key>
			<string>2C700AF0185CDB2A0042424A</string>
			<key>isa</key>
			<string>PBXBuildFile</string>
		</dict>
		<key>2C8D22C618482D0800F089B9</key>
		<dict>
			<key>children</key>
			<array>
				<string>2C8D22D818482D0800F089B9</string>
				<string>2C8D22E418482D0800F089B9</string>
				<string>2C8D22D918482D0800F089B9</string>
				<string>2C8D22F118482D0900F089B9</string>
				<string>2C8D22D118482D0800F089B9</string>
				<string>2C8D22D018482D0800F089B9</string>
				<string>FD9757F395430C99A041DEDF</string>
			</array>
			<key>isa</key>
			<string>PBXGroup</string>
			<key>sourceTree</key>
			<string>&lt;group&gt;</string>
		</dict>
		<key>2C8D22C718482D0800F089B9</key>
		<dict>
			<key>attributes</key>
			<dict>
				<key>LastUpgradeCheck</key>
				<string>0510</string>
				<key>ORGANIZATIONNAME</key>
				<string>Ivan Moscoso</string>
				<key>TargetAttributes</key>
				<dict>
					<key>2C8D22E918482D0900F089B9</key>
					<dict>
						<key>TestTargetID</key>
						<string>2C8D22CE18482D0800F089B9</string>
					</dict>
				</dict>
			</dict>
			<key>buildConfigurationList</key>
			<string>2C8D22CA18482D0800F089B9</string>
			<key>compatibilityVersion</key>
			<string>Xcode 3.2</string>
			<key>developmentRegion</key>
			<string>English</string>
			<key>hasScannedForEncodings</key>
			<string>0</string>
			<key>isa</key>
			<string>PBXProject</string>
			<key>knownRegions</key>
			<array>
				<string>en</string>
			</array>
			<key>mainGroup</key>
			<string>2C8D22C618482D0800F089B9</string>
			<key>productRefGroup</key>
			<string>2C8D22D018482D0800F089B9</string>
			<key>projectDirPath</key>
			<string></string>
			<key>projectReferences</key>
			<array/>
			<key>projectRoot</key>
			<string></string>
			<key>targets</key>
			<array>
				<string>2C8D22CE18482D0800F089B9</string>
				<string>2C8D22E918482D0900F089B9</string>
			</array>
		</dict>
		<key>2C8D22CA18482D0800F089B9</key>
		<dict>
			<key>buildConfigurations</key>
			<array>
				<string>2C8D22F918482D0900F089B9</string>
				<string>2C8D22FA18482D0900F089B9</string>
			</array>
			<key>defaultConfigurationIsVisible</key>
			<string>0</string>
			<key>defaultConfigurationName</key>
			<string>Release</string>
			<key>isa</key>
			<string>XCConfigurationList</string>
		</dict>
		<key>2C8D22CB18482D0800F089B9</key>
		<dict>
			<key>buildActionMask</key>
			<string>2147483647</string>
			<key>files</key>
			<array>
				<string>2C4460411855A810001FFA74</string>
				<string>2CFDF48218643C2000191B5E</string>
				<string>2C8D22E318482D0800F089B9</string>
				<string>2C9B9FDB186D244000779111</string>
				<string>2C44603B18557186001FFA74</string>
				<string>2CDA65111861802400E84AB4</string>
				<string>2CCBBE401883AF1700FB7A6B</string>
				<string>2C700AEE185B8ACD0042424A</string>
				<string>2C700AF1185CDB2A0042424A</string>
				<string>2C0EE0D91859B3A3005773CF</string>
				<string>2C8D23B2184AA43400F089B9</string>
				<string>2C9B9FE3186D47D600779111</string>
				<string>2C8D2405184C4C3400F089B9</string>
				<string>2CF2E11D184DABF3001C5835</string>
				<string>2C44603E1855A5B8001FFA74</string>
				<string>2C8D22DF18482D0800F089B9</string>
				<string>2CA0481E1852EC2400BC95C4</string>
				<string>2C0EE0D61859A3AC005773CF</string>
				<string>2C0EE0D01859899D005773CF</string>
				<string>2CA048241853021400BC95C4</string>
				<string>2C8D2402184C0C0A00F089B9</string>
				<string>2C8D240B184C715E00F089B9</string>
				<string>2C8D23FE184C0ABE00F089B9</string>
				<string>2C9B9FD8186D243200779111</string>
				<string>2CC09B23185E179B00DE10FA</string>
				<string>2C9B9FD2186CC1CC00779111</string>
				<string>2CA048211852EEC900BC95C4</string>
			</array>
			<key>isa</key>
			<string>PBXSourcesBuildPhase</string>
			<key>runOnlyForDeploymentPostprocessing</key>
			<string>0</string>
		</dict>
		<key>2C8D22CC18482D0800F089B9</key>
		<dict>
			<key>buildActionMask</key>
			<string>2147483647</string>
			<key>files</key>
			<array>
				<string>2C0EE0CD185972A8005773CF</string>
				<string>2C8D23A7184A9E6B00F089B9</string>
				<string>2C8D22D518482D0800F089B9</string>
				<string>2C8D22D718482D0800F089B9</string>
				<string>2C8D22D318482D0800F089B9</string>
				<string>480D38A69EE84F0CA1FA33F4</string>
			</array>
			<key>isa</key>
			<string>PBXFrameworksBuildPhase</string>
			<key>runOnlyForDeploymentPostprocessing</key>
			<string>0</string>
		</dict>
		<key>2C8D22CD18482D0800F089B9</key>
		<dict>
			<key>buildActionMask</key>
			<string>2147483647</string>
			<key>files</key>
			<array>
				<string>2C8D22DD18482D0800F089B9</string>
				<string>2C8D22E518482D0800F089B9</string>
				<string>2C8D23FA184B95FA00F089B9</string>
				<string>2CF2E121184DBD00001C5835</string>
				<string>2C8D2408184C6B0600F089B9</string>
				<string>2C8D23F8184AAACB00F089B9</string>
			</array>
			<key>isa</key>
			<string>PBXResourcesBuildPhase</string>
			<key>runOnlyForDeploymentPostprocessing</key>
			<string>0</string>
		</dict>
		<key>2C8D22CE18482D0800F089B9</key>
		<dict>
			<key>buildConfigurationList</key>
			<string>2C8D22FB18482D0900F089B9</string>
			<key>buildPhases</key>
			<array>
				<string>DE753509F4D2427886384626</string>
				<string>2C8D22CB18482D0800F089B9</string>
				<string>2C8D22CC18482D0800F089B9</string>
				<string>2C8D22CD18482D0800F089B9</string>
				<string>2C8D23821848380A00F089B9</string>
				<string>82D6EFC1058F43E09AB0DB57</string>
			</array>
			<key>buildRules</key>
			<array/>
			<key>dependencies</key>
			<array/>
			<key>isa</key>
			<string>PBXNativeTarget</string>
			<key>name</key>
			<string>CalBrowser</string>
			<key>productName</key>
			<string>CalBrowser</string>
			<key>productReference</key>
			<string>2C8D22CF18482D0800F089B9</string>
			<key>productType</key>
			<string>com.apple.product-type.application</string>
		</dict>
		<key>2C8D22CF18482D0800F089B9</key>
		<dict>
			<key>explicitFileType</key>
			<string>wrapper.application</string>
			<key>includeInIndex</key>
			<string>0</string>
			<key>isa</key>
			<string>PBXFileReference</string>
			<key>path</key>
			<string>CalBrowser.app</string>
			<key>sourceTree</key>
			<string>BUILT_PRODUCTS_DIR</string>
		</dict>
		<key>2C8D22D018482D0800F089B9</key>
		<dict>
			<key>children</key>
			<array>
				<string>2C8D22CF18482D0800F089B9</string>
				<string>2C8D22EA18482D0900F089B9</string>
			</array>
			<key>isa</key>
			<string>PBXGroup</string>
			<key>name</key>
			<string>Products</string>
			<key>sourceTree</key>
			<string>&lt;group&gt;</string>
		</dict>
		<key>2C8D22D118482D0800F089B9</key>
		<dict>
			<key>children</key>
			<array>
				<string>2C0EE0CC185972A8005773CF</string>
				<string>2C8D23A6184A9E6B00F089B9</string>
				<string>2C8D22D218482D0800F089B9</string>
				<string>2C8D22D418482D0800F089B9</string>
				<string>2C8D22D618482D0800F089B9</string>
				<string>2C8D22EB18482D0900F089B9</string>
				<string>A0CECBAE01E7417B8BC01B24</string>
				<string>63838D431343475FAEDF0AD6</string>
			</array>
			<key>isa</key>
			<string>PBXGroup</string>
			<key>name</key>
			<string>Frameworks</string>
			<key>sourceTree</key>
			<string>&lt;group&gt;</string>
		</dict>
		<key>2C8D22D218482D0800F089B9</key>
		<dict>
			<key>isa</key>
			<string>PBXFileReference</string>
			<key>lastKnownFileType</key>
			<string>wrapper.framework</string>
			<key>name</key>
			<string>Foundation.framework</string>
			<key>path</key>
			<string>System/Library/Frameworks/Foundation.framework</string>
			<key>sourceTree</key>
			<string>SDKROOT</string>
		</dict>
		<key>2C8D22D318482D0800F089B9</key>
		<dict>
			<key>fileRef</key>
			<string>2C8D22D218482D0800F089B9</string>
			<key>isa</key>
			<string>PBXBuildFile</string>
		</dict>
		<key>2C8D22D418482D0800F089B9</key>
		<dict>
			<key>isa</key>
			<string>PBXFileReference</string>
			<key>lastKnownFileType</key>
			<string>wrapper.framework</string>
			<key>name</key>
			<string>CoreGraphics.framework</string>
			<key>path</key>
			<string>System/Library/Frameworks/CoreGraphics.framework</string>
			<key>sourceTree</key>
			<string>SDKROOT</string>
		</dict>
		<key>2C8D22D518482D0800F089B9</key>
		<dict>
			<key>fileRef</key>
			<string>2C8D22D418482D0800F089B9</string>
			<key>isa</key>
			<string>PBXBuildFile</string>
		</dict>
		<key>2C8D22D618482D0800F089B9</key>
		<dict>
			<key>isa</key>
			<string>PBXFileReference</string>
			<key>lastKnownFileType</key>
			<string>wrapper.framework</string>
			<key>name</key>
			<string>UIKit.framework</string>
			<key>path</key>
			<string>System/Library/Frameworks/UIKit.framework</string>
			<key>sourceTree</key>
			<string>SDKROOT</string>
		</dict>
		<key>2C8D22D718482D0800F089B9</key>
		<dict>
			<key>fileRef</key>
			<string>2C8D22D618482D0800F089B9</string>
			<key>isa</key>
			<string>PBXBuildFile</string>
		</dict>
		<key>2C8D22D818482D0800F089B9</key>
		<dict>
			<key>children</key>
			<array>
				<string>2C0EE0CB185926DF005773CF</string>
				<string>2C0EE0CA185926BE005773CF</string>
				<string>2C8D22E118482D0800F089B9</string>
				<string>2C8D22E218482D0800F089B9</string>
				<string>2C8D23AF184AA43400F089B9</string>
				<string>2C8D23B0184AA43400F089B9</string>
				<string>2C8D23FC184C0ABE00F089B9</string>
				<string>2C8D23FD184C0ABE00F089B9</string>
				<string>2C8D23F7184AAACB00F089B9</string>
				<string>2C8D2403184C4C3400F089B9</string>
				<string>2C8D2404184C4C3400F089B9</string>
				<string>2C0EE0D41859A3AC005773CF</string>
				<string>2C0EE0D51859A3AC005773CF</string>
				<string>2CCBBE3E1883AF1700FB7A6B</string>
				<string>2CCBBE3F1883AF1700FB7A6B</string>
				<string>2C44603C1855A5B8001FFA74</string>
				<string>2C44603D1855A5B8001FFA74</string>
				<string>2C0EE0CE1859899D005773CF</string>
				<string>2C0EE0CF1859899D005773CF</string>
				<string>2C0EE0D71859B3A3005773CF</string>
				<string>2C0EE0D81859B3A3005773CF</string>
				<string>2CDA650F1861802400E84AB4</string>
				<string>2CDA65101861802400E84AB4</string>
				<string>2CA0481C1852EC2400BC95C4</string>
				<string>2CA0481D1852EC2400BC95C4</string>
				<string>2C9B9FD0186CC1CC00779111</string>
				<string>2C9B9FD1186CC1CC00779111</string>
				<string>2C9B9FD6186D243200779111</string>
				<string>2C9B9FD7186D243200779111</string>
				<string>2C9B9FD9186D244000779111</string>
				<string>2C9B9FDA186D244000779111</string>
			</array>
			<key>isa</key>
			<string>PBXGroup</string>
			<key>name</key>
			<string>Sources</string>
			<key>path</key>
			<string>CalBrowser</string>
			<key>sourceTree</key>
			<string>&lt;group&gt;</string>
		</dict>
		<key>2C8D22D918482D0800F089B9</key>
		<dict>
			<key>children</key>
			<array>
				<string>2CF2E120184DBD00001C5835</string>
				<string>2C8D2407184C6B0600F089B9</string>
				<string>2C8D23F9184B95FA00F089B9</string>
				<string>2C8D22DA18482D0800F089B9</string>
				<string>2C8D22DB18482D0800F089B9</string>
				<string>2C8D22DE18482D0800F089B9</string>
				<string>2C8D22E018482D0800F089B9</string>
			</array>
			<key>isa</key>
			<string>PBXGroup</string>
			<key>name</key>
			<string>Supporting Files</string>
			<key>path</key>
			<string>CalBrowser</string>
			<key>sourceTree</key>
			<string>&lt;group&gt;</string>
		</dict>
		<key>2C8D22DA18482D0800F089B9</key>
		<dict>
			<key>isa</key>
			<string>PBXFileReference</string>
			<key>lastKnownFileType</key>
			<string>text.plist.xml</string>
			<key>path</key>
			<string>CalBrowser-Info.plist</string>
			<key>sourceTree</key>
			<string>&lt;group&gt;</string>
		</dict>
		<key>2C8D22DB18482D0800F089B9</key>
		<dict>
			<key>children</key>
			<array>
				<string>2C8D22DC18482D0800F089B9</string>
			</array>
			<key>isa</key>
			<string>PBXVariantGroup</string>
			<key>name</key>
			<string>InfoPlist.strings</string>
			<key>sourceTree</key>
			<string>&lt;group&gt;</string>
		</dict>
		<key>2C8D22DC18482D0800F089B9</key>
		<dict>
			<key>isa</key>
			<string>PBXFileReference</string>
			<key>lastKnownFileType</key>
			<string>text.plist.strings</string>
			<key>name</key>
			<string>en</string>
			<key>path</key>
			<string>en.lproj/InfoPlist.strings</string>
			<key>sourceTree</key>
			<string>&lt;group&gt;</string>
		</dict>
		<key>2C8D22DD18482D0800F089B9</key>
		<dict>
			<key>fileRef</key>
			<string>2C8D22DB18482D0800F089B9</string>
			<key>isa</key>
			<string>PBXBuildFile</string>
		</dict>
		<key>2C8D22DE18482D0800F089B9</key>
		<dict>
			<key>isa</key>
			<string>PBXFileReference</string>
			<key>lastKnownFileType</key>
			<string>sourcecode.c.objc</string>
			<key>lineEnding</key>
			<string>0</string>
			<key>path</key>
			<string>main.m</string>
			<key>sourceTree</key>
			<string>&lt;group&gt;</string>
			<key>xcLanguageSpecificationIdentifier</key>
			<string>xcode.lang.objc</string>
		</dict>
		<key>2C8D22DF18482D0800F089B9</key>
		<dict>
			<key>fileRef</key>
			<string>2C8D22DE18482D0800F089B9</string>
			<key>isa</key>
			<string>PBXBuildFile</string>
		</dict>
		<key>2C8D22E018482D0800F089B9</key>
		<dict>
			<key>isa</key>
			<string>PBXFileReference</string>
			<key>lastKnownFileType</key>
			<string>sourcecode.c.h</string>
			<key>path</key>
			<string>CalBrowser-Prefix.pch</string>
			<key>sourceTree</key>
			<string>&lt;group&gt;</string>
		</dict>
		<key>2C8D22E118482D0800F089B9</key>
		<dict>
			<key>isa</key>
			<string>PBXFileReference</string>
			<key>lastKnownFileType</key>
			<string>sourcecode.c.h</string>
			<key>lineEnding</key>
			<string>0</string>
			<key>path</key>
			<string>AppDelegate.h</string>
			<key>sourceTree</key>
			<string>&lt;group&gt;</string>
			<key>xcLanguageSpecificationIdentifier</key>
			<string>xcode.lang.objcpp</string>
		</dict>
		<key>2C8D22E218482D0800F089B9</key>
		<dict>
			<key>isa</key>
			<string>PBXFileReference</string>
			<key>lastKnownFileType</key>
			<string>sourcecode.c.objc</string>
			<key>lineEnding</key>
			<string>0</string>
			<key>path</key>
			<string>AppDelegate.m</string>
			<key>sourceTree</key>
			<string>&lt;group&gt;</string>
			<key>xcLanguageSpecificationIdentifier</key>
			<string>xcode.lang.objc</string>
		</dict>
		<key>2C8D22E318482D0800F089B9</key>
		<dict>
			<key>fileRef</key>
			<string>2C8D22E218482D0800F089B9</string>
			<key>isa</key>
			<string>PBXBuildFile</string>
		</dict>
		<key>2C8D22E418482D0800F089B9</key>
		<dict>
			<key>isa</key>
			<string>PBXFileReference</string>
			<key>lastKnownFileType</key>
			<string>folder.assetcatalog</string>
			<key>name</key>
			<string>Images.xcassets</string>
			<key>path</key>
			<string>CalBrowser/Images.xcassets</string>
			<key>sourceTree</key>
			<string>&lt;group&gt;</string>
		</dict>
		<key>2C8D22E518482D0800F089B9</key>
		<dict>
			<key>fileRef</key>
			<string>2C8D22E418482D0800F089B9</string>
			<key>isa</key>
			<string>PBXBuildFile</string>
		</dict>
		<key>2C8D22E618482D0900F089B9</key>
		<dict>
			<key>buildActionMask</key>
			<string>2147483647</string>
			<key>files</key>
			<array>
				<string>2C2776A91854511E00D063FE</string>
				<string>2C5BDF50184D905800C02B37</string>
				<string>2C9B9FDF186D391700779111</string>
				<string>2C9B9FDD186D300700779111</string>
				<string>2CF2E11F184DBAF0001C5835</string>
			</array>
			<key>isa</key>
			<string>PBXSourcesBuildPhase</string>
			<key>runOnlyForDeploymentPostprocessing</key>
			<string>0</string>
		</dict>
		<key>2C8D22E718482D0900F089B9</key>
		<dict>
			<key>buildActionMask</key>
			<string>2147483647</string>
			<key>files</key>
			<array>
				<string>2C8D22EC18482D0900F089B9</string>
				<string>2C8D22EE18482D0900F089B9</string>
				<string>2C8D22ED18482D0900F089B9</string>
				<string>9029189898C54BA080AACCE2</string>
			</array>
			<key>isa</key>
			<string>PBXFrameworksBuildPhase</string>
			<key>runOnlyForDeploymentPostprocessing</key>
			<string>0</string>
		</dict>
		<key>2C8D22E818482D0900F089B9</key>
		<dict>
			<key>buildActionMask</key>
			<string>2147483647</string>
			<key>files</key>
			<array>
				<string>2C5BDF52184D94CE00C02B37</string>
				<string>2C8D22F618482D0900F089B9</string>
				<string>2CC09B25185EEB4700DE10FA</string>
			</array>
			<key>isa</key>
			<string>PBXResourcesBuildPhase</string>
			<key>runOnlyForDeploymentPostprocessing</key>
			<string>0</string>
		</dict>
		<key>2C8D22E918482D0900F089B9</key>
		<dict>
			<key>buildConfigurationList</key>
			<string>2C8D22FE18482D0900F089B9</string>
			<key>buildPhases</key>
			<array>
				<string>5F00DD307C924EAE9663CC37</string>
				<string>2C8D22E618482D0900F089B9</string>
				<string>2C8D22E718482D0900F089B9</string>
				<string>2C8D22E818482D0900F089B9</string>
				<string>8738D8257092453DAABEA4EA</string>
			</array>
			<key>buildRules</key>
			<array/>
			<key>dependencies</key>
			<array>
				<string>2C8D22F018482D0900F089B9</string>
			</array>
			<key>isa</key>
			<string>PBXNativeTarget</string>
			<key>name</key>
			<string>CalBrowserTests</string>
			<key>productName</key>
			<string>CalBrowserTests</string>
			<key>productReference</key>
			<string>2C8D22EA18482D0900F089B9</string>
			<key>productType</key>
			<string>com.apple.product-type.bundle.unit-test</string>
		</dict>
		<key>2C8D22EA18482D0900F089B9</key>
		<dict>
			<key>explicitFileType</key>
			<string>wrapper.cfbundle</string>
			<key>includeInIndex</key>
			<string>0</string>
			<key>isa</key>
			<string>PBXFileReference</string>
			<key>path</key>
			<string>CalBrowserTests.xctest</string>
			<key>sourceTree</key>
			<string>BUILT_PRODUCTS_DIR</string>
		</dict>
		<key>2C8D22EB18482D0900F089B9</key>
		<dict>
			<key>isa</key>
			<string>PBXFileReference</string>
			<key>lastKnownFileType</key>
			<string>wrapper.framework</string>
			<key>name</key>
			<string>XCTest.framework</string>
			<key>path</key>
			<string>Library/Frameworks/XCTest.framework</string>
			<key>sourceTree</key>
			<string>DEVELOPER_DIR</string>
		</dict>
		<key>2C8D22EC18482D0900F089B9</key>
		<dict>
			<key>fileRef</key>
			<string>2C8D22EB18482D0900F089B9</string>
			<key>isa</key>
			<string>PBXBuildFile</string>
		</dict>
		<key>2C8D22ED18482D0900F089B9</key>
		<dict>
			<key>fileRef</key>
			<string>2C8D22D218482D0800F089B9</string>
			<key>isa</key>
			<string>PBXBuildFile</string>
		</dict>
		<key>2C8D22EE18482D0900F089B9</key>
		<dict>
			<key>fileRef</key>
			<string>2C8D22D618482D0800F089B9</string>
			<key>isa</key>
			<string>PBXBuildFile</string>
		</dict>
		<key>2C8D22EF18482D0900F089B9</key>
		<dict>
			<key>containerPortal</key>
			<string>2C8D22C718482D0800F089B9</string>
			<key>isa</key>
			<string>PBXContainerItemProxy</string>
			<key>proxyType</key>
			<string>1</string>
			<key>remoteGlobalIDString</key>
			<string>2C8D22CE18482D0800F089B9</string>
			<key>remoteInfo</key>
			<string>CalBrowser</string>
		</dict>
		<key>2C8D22F018482D0900F089B9</key>
		<dict>
			<key>isa</key>
			<string>PBXTargetDependency</string>
			<key>target</key>
			<string>2C8D22CE18482D0800F089B9</string>
			<key>targetProxy</key>
			<string>2C8D22EF18482D0900F089B9</string>
		</dict>
		<key>2C8D22F118482D0900F089B9</key>
		<dict>
			<key>children</key>
			<array>
				<string>2C8D22F218482D0900F089B9</string>
				<string>2C5BDF51184D94CE00C02B37</string>
				<string>2CC09B24185EEB4700DE10FA</string>
				<string>2C2776A81854511E00D063FE</string>
				<string>2C5BDF4F184D905800C02B37</string>
				<string>2CF2E11E184DBAF0001C5835</string>
				<string>2C9B9FDC186D300700779111</string>
				<string>2C9B9FDE186D391700779111</string>
				<string>2C9B9FE0186D396800779111</string>
			</array>
			<key>isa</key>
			<string>PBXGroup</string>
			<key>path</key>
			<string>CalBrowserTests</string>
			<key>sourceTree</key>
			<string>&lt;group&gt;</string>
		</dict>
		<key>2C8D22F218482D0900F089B9</key>
		<dict>
			<key>children</key>
			<array>
				<string>2C8D22F318482D0900F089B9</string>
				<string>2C8D22F418482D0900F089B9</string>
			</array>
			<key>isa</key>
			<string>PBXGroup</string>
			<key>name</key>
			<string>Supporting Files</string>
			<key>sourceTree</key>
			<string>&lt;group&gt;</string>
		</dict>
		<key>2C8D22F318482D0900F089B9</key>
		<dict>
			<key>isa</key>
			<string>PBXFileReference</string>
			<key>lastKnownFileType</key>
			<string>text.plist.xml</string>
			<key>path</key>
			<string>CalBrowserTests-Info.plist</string>
			<key>sourceTree</key>
			<string>&lt;group&gt;</string>
		</dict>
		<key>2C8D22F418482D0900F089B9</key>
		<dict>
			<key>children</key>
			<array>
				<string>2C8D22F518482D0900F089B9</string>
			</array>
			<key>isa</key>
			<string>PBXVariantGroup</string>
			<key>name</key>
			<string>InfoPlist.strings</string>
			<key>sourceTree</key>
			<string>&lt;group&gt;</string>
		</dict>
		<key>2C8D22F518482D0900F089B9</key>
		<dict>
			<key>isa</key>
			<string>PBXFileReference</string>
			<key>lastKnownFileType</key>
			<string>text.plist.strings</string>
			<key>name</key>
			<string>en</string>
			<key>path</key>
			<string>en.lproj/InfoPlist.strings</string>
			<key>sourceTree</key>
			<string>&lt;group&gt;</string>
		</dict>
		<key>2C8D22F618482D0900F089B9</key>
		<dict>
			<key>fileRef</key>
			<string>2C8D22F418482D0900F089B9</string>
			<key>isa</key>
			<string>PBXBuildFile</string>
		</dict>
		<key>2C8D22F918482D0900F089B9</key>
		<dict>
			<key>buildSettings</key>
			<dict>
				<key>ALWAYS_SEARCH_USER_PATHS</key>
				<string>NO</string>
				<key>CLANG_CXX_LANGUAGE_STANDARD</key>
				<string>gnu++0x</string>
				<key>CLANG_CXX_LIBRARY</key>
				<string>libc++</string>
				<key>CLANG_ENABLE_MODULES</key>
				<string>YES</string>
				<key>CLANG_ENABLE_OBJC_ARC</key>
				<string>YES</string>
				<key>CLANG_WARN_BOOL_CONVERSION</key>
				<string>YES</string>
				<key>CLANG_WARN_CONSTANT_CONVERSION</key>
				<string>YES</string>
				<key>CLANG_WARN_DIRECT_OBJC_ISA_USAGE</key>
				<string>YES_ERROR</string>
				<key>CLANG_WARN_EMPTY_BODY</key>
				<string>YES</string>
				<key>CLANG_WARN_ENUM_CONVERSION</key>
				<string>YES</string>
				<key>CLANG_WARN_INT_CONVERSION</key>
				<string>YES</string>
				<key>CLANG_WARN_OBJC_ROOT_CLASS</key>
				<string>YES_ERROR</string>
				<key>CLANG_WARN__DUPLICATE_METHOD_MATCH</key>
				<string>YES</string>
				<key>CODE_SIGN_IDENTITY[sdk=iphoneos*]</key>
				<string>iPhone Developer</string>
				<key>COPY_PHASE_STRIP</key>
				<string>NO</string>
				<key>GCC_C_LANGUAGE_STANDARD</key>
				<string>gnu99</string>
				<key>GCC_DYNAMIC_NO_PIC</key>
				<string>NO</string>
				<key>GCC_OPTIMIZATION_LEVEL</key>
				<string>0</string>
				<key>GCC_PREPROCESSOR_DEFINITIONS</key>
				<array>
					<string>DEBUG=1</string>
					<string>$(inherited)</string>
				</array>
				<key>GCC_SYMBOLS_PRIVATE_EXTERN</key>
				<string>NO</string>
				<key>GCC_WARN_64_TO_32_BIT_CONVERSION</key>
				<string>YES</string>
				<key>GCC_WARN_ABOUT_RETURN_TYPE</key>
				<string>YES_ERROR</string>
				<key>GCC_WARN_UNDECLARED_SELECTOR</key>
				<string>YES</string>
				<key>GCC_WARN_UNINITIALIZED_AUTOS</key>
				<string>YES</string>
				<key>GCC_WARN_UNUSED_FUNCTION</key>
				<string>YES</string>
				<key>GCC_WARN_UNUSED_VARIABLE</key>
				<string>YES</string>
				<key>IPHONEOS_DEPLOYMENT_TARGET</key>
				<string>7.0</string>
				<key>ONLY_ACTIVE_ARCH</key>
				<string>YES</string>
				<key>SDKROOT</key>
				<string>iphoneos</string>
			</dict>
			<key>isa</key>
			<string>XCBuildConfiguration</string>
			<key>name</key>
			<string>Debug</string>
		</dict>
		<key>2C8D22FA18482D0900F089B9</key>
		<dict>
			<key>buildSettings</key>
			<dict>
				<key>ALWAYS_SEARCH_USER_PATHS</key>
				<string>NO</string>
				<key>CLANG_CXX_LANGUAGE_STANDARD</key>
				<string>gnu++0x</string>
				<key>CLANG_CXX_LIBRARY</key>
				<string>libc++</string>
				<key>CLANG_ENABLE_MODULES</key>
				<string>YES</string>
				<key>CLANG_ENABLE_OBJC_ARC</key>
				<string>YES</string>
				<key>CLANG_WARN_BOOL_CONVERSION</key>
				<string>YES</string>
				<key>CLANG_WARN_CONSTANT_CONVERSION</key>
				<string>YES</string>
				<key>CLANG_WARN_DIRECT_OBJC_ISA_USAGE</key>
				<string>YES_ERROR</string>
				<key>CLANG_WARN_EMPTY_BODY</key>
				<string>YES</string>
				<key>CLANG_WARN_ENUM_CONVERSION</key>
				<string>YES</string>
				<key>CLANG_WARN_INT_CONVERSION</key>
				<string>YES</string>
				<key>CLANG_WARN_OBJC_ROOT_CLASS</key>
				<string>YES_ERROR</string>
				<key>CLANG_WARN__DUPLICATE_METHOD_MATCH</key>
				<string>YES</string>
				<key>CODE_SIGN_IDENTITY[sdk=iphoneos*]</key>
				<string>iPhone Developer</string>
				<key>COPY_PHASE_STRIP</key>
				<string>YES</string>
				<key>ENABLE_NS_ASSERTIONS</key>
				<string>NO</string>
				<key>GCC_C_LANGUAGE_STANDARD</key>
				<string>gnu99</string>
				<key>GCC_WARN_64_TO_32_BIT_CONVERSION</key>
				<string>YES</string>
				<key>GCC_WARN_ABOUT_RETURN_TYPE</key>
				<string>YES_ERROR</string>
				<key>GCC_WARN_UNDECLARED_SELECTOR</key>
				<string>YES</string>
				<key>GCC_WARN_UNINITIALIZED_AUTOS</key>
				<string>YES</string>
				<key>GCC_WARN_UNUSED_FUNCTION</key>
				<string>YES</string>
				<key>GCC_WARN_UNUSED_VARIABLE</key>
				<string>YES</string>
				<key>IPHONEOS_DEPLOYMENT_TARGET</key>
				<string>7.0</string>
				<key>SDKROOT</key>
				<string>iphoneos</string>
				<key>VALIDATE_PRODUCT</key>
				<string>YES</string>
			</dict>
			<key>isa</key>
			<string>XCBuildConfiguration</string>
			<key>name</key>
			<string>Release</string>
		</dict>
		<key>2C8D22FB18482D0900F089B9</key>
		<dict>
			<key>buildConfigurations</key>
			<array>
				<string>2C8D22FC18482D0900F089B9</string>
				<string>2C8D22FD18482D0900F089B9</string>
			</array>
			<key>defaultConfigurationIsVisible</key>
			<string>0</string>
			<key>defaultConfigurationName</key>
			<string>Release</string>
			<key>isa</key>
			<string>XCConfigurationList</string>
		</dict>
		<key>2C8D22FC18482D0900F089B9</key>
		<dict>
			<key>baseConfigurationReference</key>
			<string>4B08B82FAAEDDD3890909B35</string>
			<key>buildSettings</key>
			<dict>
				<key>ASSETCATALOG_COMPILER_APPICON_NAME</key>
				<string>AppIcon</string>
				<key>ASSETCATALOG_COMPILER_LAUNCHIMAGE_NAME</key>
				<string>LaunchImage</string>
				<key>GCC_PRECOMPILE_PREFIX_HEADER</key>
				<string>YES</string>
				<key>GCC_PREFIX_HEADER</key>
				<string>CalBrowser/CalBrowser-Prefix.pch</string>
				<key>INFOPLIST_FILE</key>
				<string>CalBrowser/CalBrowser-Info.plist</string>
				<key>OTHER_LDFLAGS</key>
				<string>$(inherited)</string>
				<key>PRODUCT_NAME</key>
				<string>$(TARGET_NAME)</string>
				<key>USER_HEADER_SEARCH_PATHS</key>
				<string>$(SRCROOT)/OAuth2Client/Sources/**</string>
				<key>WRAPPER_EXTENSION</key>
				<string>app</string>
			</dict>
			<key>isa</key>
			<string>XCBuildConfiguration</string>
			<key>name</key>
			<string>Debug</string>
		</dict>
		<key>2C8D22FD18482D0900F089B9</key>
		<dict>
			<key>baseConfigurationReference</key>
			<string>65AE65FD67A7953D701D8AB9</string>
			<key>buildSettings</key>
			<dict>
				<key>ASSETCATALOG_COMPILER_APPICON_NAME</key>
				<string>AppIcon</string>
				<key>ASSETCATALOG_COMPILER_LAUNCHIMAGE_NAME</key>
				<string>LaunchImage</string>
				<key>GCC_PRECOMPILE_PREFIX_HEADER</key>
				<string>YES</string>
				<key>GCC_PREFIX_HEADER</key>
				<string>CalBrowser/CalBrowser-Prefix.pch</string>
				<key>INFOPLIST_FILE</key>
				<string>CalBrowser/CalBrowser-Info.plist</string>
				<key>OTHER_LDFLAGS</key>
				<string>$(inherited)</string>
				<key>PRODUCT_NAME</key>
				<string>$(TARGET_NAME)</string>
				<key>USER_HEADER_SEARCH_PATHS</key>
				<string>$(SRCROOT)/OAuth2Client/Sources/**</string>
				<key>WRAPPER_EXTENSION</key>
				<string>app</string>
			</dict>
			<key>isa</key>
			<string>XCBuildConfiguration</string>
			<key>name</key>
			<string>Release</string>
		</dict>
		<key>2C8D22FE18482D0900F089B9</key>
		<dict>
			<key>buildConfigurations</key>
			<array>
				<string>2C8D22FF18482D0900F089B9</string>
				<string>2C8D230018482D0900F089B9</string>
			</array>
			<key>defaultConfigurationIsVisible</key>
			<string>0</string>
			<key>defaultConfigurationName</key>
			<string>Release</string>
			<key>isa</key>
			<string>XCConfigurationList</string>
		</dict>
		<key>2C8D22FF18482D0900F089B9</key>
		<dict>
			<key>baseConfigurationReference</key>
			<string>A0C7CC48FC24C99CB7824842</string>
			<key>buildSettings</key>
			<dict>
				<key>BUNDLE_LOADER</key>
				<string>$(BUILT_PRODUCTS_DIR)/CalBrowser.app/CalBrowser</string>
				<key>FRAMEWORK_SEARCH_PATHS</key>
				<array>
					<string>$(SDKROOT)/Developer/Library/Frameworks</string>
					<string>$(inherited)</string>
					<string>$(DEVELOPER_FRAMEWORKS_DIR)</string>
				</array>
				<key>GCC_PRECOMPILE_PREFIX_HEADER</key>
				<string>YES</string>
				<key>GCC_PREFIX_HEADER</key>
				<string>CalBrowser/CalBrowser-Prefix.pch</string>
				<key>GCC_PREPROCESSOR_DEFINITIONS</key>
				<array>
					<string>DEBUG=1</string>
					<string>$(inherited)</string>
				</array>
				<key>INFOPLIST_FILE</key>
				<string>CalBrowserTests/CalBrowserTests-Info.plist</string>
				<key>PRODUCT_NAME</key>
				<string>$(TARGET_NAME)</string>
				<key>TEST_HOST</key>
				<string>$(BUNDLE_LOADER)</string>
				<key>WRAPPER_EXTENSION</key>
				<string>xctest</string>
			</dict>
			<key>isa</key>
			<string>XCBuildConfiguration</string>
			<key>name</key>
			<string>Debug</string>
		</dict>
		<key>2C8D230018482D0900F089B9</key>
		<dict>
			<key>baseConfigurationReference</key>
			<string>E2338A740322B6C769B53C94</string>
			<key>buildSettings</key>
			<dict>
				<key>BUNDLE_LOADER</key>
				<string>$(BUILT_PRODUCTS_DIR)/CalBrowser.app/CalBrowser</string>
				<key>FRAMEWORK_SEARCH_PATHS</key>
				<array>
					<string>$(SDKROOT)/Developer/Library/Frameworks</string>
					<string>$(inherited)</string>
					<string>$(DEVELOPER_FRAMEWORKS_DIR)</string>
				</array>
				<key>GCC_PRECOMPILE_PREFIX_HEADER</key>
				<string>YES</string>
				<key>GCC_PREFIX_HEADER</key>
				<string>CalBrowser/CalBrowser-Prefix.pch</string>
				<key>INFOPLIST_FILE</key>
				<string>CalBrowserTests/CalBrowserTests-Info.plist</string>
				<key>PRODUCT_NAME</key>
				<string>$(TARGET_NAME)</string>
				<key>TEST_HOST</key>
				<string>$(BUNDLE_LOADER)</string>
				<key>WRAPPER_EXTENSION</key>
				<string>xctest</string>
			</dict>
			<key>isa</key>
			<string>XCBuildConfiguration</string>
			<key>name</key>
			<string>Release</string>
		</dict>
		<key>2C8D23821848380A00F089B9</key>
		<dict>
			<key>buildActionMask</key>
			<string>2147483647</string>
			<key>dstPath</key>
			<string></string>
			<key>dstSubfolderSpec</key>
			<string>10</string>
			<key>files</key>
			<array/>
			<key>isa</key>
			<string>PBXCopyFilesBuildPhase</string>
			<key>name</key>
			<string>Copy GTL Framework</string>
			<key>runOnlyForDeploymentPostprocessing</key>
			<string>0</string>
		</dict>
		<key>2C8D23A6184A9E6B00F089B9</key>
		<dict>
			<key>isa</key>
			<string>PBXFileReference</string>
			<key>lastKnownFileType</key>
			<string>wrapper.framework</string>
			<key>name</key>
			<string>Security.framework</string>
			<key>path</key>
			<string>System/Library/Frameworks/Security.framework</string>
			<key>sourceTree</key>
			<string>SDKROOT</string>
		</dict>
		<key>2C8D23A7184A9E6B00F089B9</key>
		<dict>
			<key>fileRef</key>
			<string>2C8D23A6184A9E6B00F089B9</string>
			<key>isa</key>
			<string>PBXBuildFile</string>
		</dict>
		<key>2C8D23AF184AA43400F089B9</key>
		<dict>
			<key>fileEncoding</key>
			<string>4</string>
			<key>isa</key>
			<string>PBXFileReference</string>
			<key>lastKnownFileType</key>
			<string>sourcecode.c.h</string>
			<key>lineEnding</key>
			<string>0</string>
			<key>path</key>
			<string>AuthViewController.h</string>
			<key>sourceTree</key>
			<string>&lt;group&gt;</string>
			<key>xcLanguageSpecificationIdentifier</key>
			<string>xcode.lang.objcpp</string>
		</dict>
		<key>2C8D23B0184AA43400F089B9</key>
		<dict>
			<key>fileEncoding</key>
			<string>4</string>
			<key>isa</key>
			<string>PBXFileReference</string>
			<key>lastKnownFileType</key>
			<string>sourcecode.c.objc</string>
			<key>lineEnding</key>
			<string>0</string>
			<key>path</key>
			<string>AuthViewController.m</string>
			<key>sourceTree</key>
			<string>&lt;group&gt;</string>
			<key>xcLanguageSpecificationIdentifier</key>
			<string>xcode.lang.objc</string>
		</dict>
		<key>2C8D23B2184AA43400F089B9</key>
		<dict>
			<key>fileRef</key>
			<string>2C8D23B0184AA43400F089B9</string>
			<key>isa</key>
			<string>PBXBuildFile</string>
		</dict>
		<key>2C8D23F7184AAACB00F089B9</key>
		<dict>
			<key>fileEncoding</key>
			<string>4</string>
			<key>isa</key>
			<string>PBXFileReference</string>
			<key>lastKnownFileType</key>
			<string>file.storyboard</string>
			<key>path</key>
			<string>Main Storyboard.storyboard</string>
			<key>sourceTree</key>
			<string>&lt;group&gt;</string>
		</dict>
		<key>2C8D23F8184AAACB00F089B9</key>
		<dict>
			<key>fileRef</key>
			<string>2C8D23F7184AAACB00F089B9</string>
			<key>isa</key>
			<string>PBXBuildFile</string>
		</dict>
		<key>2C8D23F9184B95FA00F089B9</key>
		<dict>
			<key>fileEncoding</key>
			<string>4</string>
			<key>isa</key>
			<string>PBXFileReference</string>
			<key>lastKnownFileType</key>
			<string>text.json</string>
			<key>path</key>
			<string>clientConfig.json</string>
			<key>sourceTree</key>
			<string>&lt;group&gt;</string>
		</dict>
		<key>2C8D23FA184B95FA00F089B9</key>
		<dict>
			<key>fileRef</key>
			<string>2C8D23F9184B95FA00F089B9</string>
			<key>isa</key>
			<string>PBXBuildFile</string>
		</dict>
		<key>2C8D23FC184C0ABE00F089B9</key>
		<dict>
			<key>fileEncoding</key>
			<string>4</string>
			<key>isa</key>
			<string>PBXFileReference</string>
			<key>lastKnownFileType</key>
			<string>sourcecode.c.h</string>
			<key>lineEnding</key>
			<string>0</string>
			<key>path</key>
			<string>RootNavigationController.h</string>
			<key>sourceTree</key>
			<string>&lt;group&gt;</string>
			<key>xcLanguageSpecificationIdentifier</key>
			<string>xcode.lang.objcpp</string>
		</dict>
		<key>2C8D23FD184C0ABE00F089B9</key>
		<dict>
			<key>fileEncoding</key>
			<string>4</string>
			<key>isa</key>
			<string>PBXFileReference</string>
			<key>lastKnownFileType</key>
			<string>sourcecode.c.objc</string>
			<key>lineEnding</key>
			<string>0</string>
			<key>path</key>
			<string>RootNavigationController.m</string>
			<key>sourceTree</key>
			<string>&lt;group&gt;</string>
			<key>xcLanguageSpecificationIdentifier</key>
			<string>xcode.lang.objc</string>
		</dict>
		<key>2C8D23FE184C0ABE00F089B9</key>
		<dict>
			<key>fileRef</key>
			<string>2C8D23FD184C0ABE00F089B9</string>
			<key>isa</key>
			<string>PBXBuildFile</string>
		</dict>
		<key>2C8D2400184C0C0A00F089B9</key>
		<dict>
			<key>fileEncoding</key>
			<string>4</string>
			<key>isa</key>
			<string>PBXFileReference</string>
			<key>lastKnownFileType</key>
			<string>sourcecode.c.h</string>
			<key>lineEnding</key>
			<string>0</string>
			<key>path</key>
			<string>CABLConfig.h</string>
			<key>sourceTree</key>
			<string>&lt;group&gt;</string>
			<key>xcLanguageSpecificationIdentifier</key>
			<string>xcode.lang.objcpp</string>
		</dict>
		<key>2C8D2401184C0C0A00F089B9</key>
		<dict>
			<key>fileEncoding</key>
			<string>4</string>
			<key>isa</key>
			<string>PBXFileReference</string>
			<key>lastKnownFileType</key>
			<string>sourcecode.c.objc</string>
			<key>lineEnding</key>
			<string>0</string>
			<key>path</key>
			<string>CABLConfig.m</string>
			<key>sourceTree</key>
			<string>&lt;group&gt;</string>
			<key>xcLanguageSpecificationIdentifier</key>
			<string>xcode.lang.objc</string>
		</dict>
		<key>2C8D2402184C0C0A00F089B9</key>
		<dict>
			<key>fileRef</key>
			<string>2C8D2401184C0C0A00F089B9</string>
			<key>isa</key>
			<string>PBXBuildFile</string>
		</dict>
		<key>2C8D2403184C4C3400F089B9</key>
		<dict>
			<key>fileEncoding</key>
			<string>4</string>
			<key>isa</key>
			<string>PBXFileReference</string>
			<key>lastKnownFileType</key>
			<string>sourcecode.c.h</string>
			<key>lineEnding</key>
			<string>0</string>
			<key>path</key>
			<string>CalendarsViewController.h</string>
			<key>sourceTree</key>
			<string>&lt;group&gt;</string>
			<key>xcLanguageSpecificationIdentifier</key>
			<string>xcode.lang.objcpp</string>
		</dict>
		<key>2C8D2404184C4C3400F089B9</key>
		<dict>
			<key>fileEncoding</key>
			<string>4</string>
			<key>isa</key>
			<string>PBXFileReference</string>
			<key>lastKnownFileType</key>
			<string>sourcecode.c.objc</string>
			<key>lineEnding</key>
			<string>0</string>
			<key>path</key>
			<string>CalendarsViewController.m</string>
			<key>sourceTree</key>
			<string>&lt;group&gt;</string>
			<key>xcLanguageSpecificationIdentifier</key>
			<string>xcode.lang.objc</string>
		</dict>
		<key>2C8D2405184C4C3400F089B9</key>
		<dict>
			<key>fileRef</key>
			<string>2C8D2404184C4C3400F089B9</string>
			<key>isa</key>
			<string>PBXBuildFile</string>
		</dict>
		<key>2C8D2407184C6B0600F089B9</key>
		<dict>
			<key>fileEncoding</key>
			<string>4</string>
			<key>isa</key>
			<string>PBXFileReference</string>
			<key>lastKnownFileType</key>
			<string>text.json</string>
			<key>path</key>
			<string>apps-domain.json</string>
			<key>sourceTree</key>
			<string>&lt;group&gt;</string>
		</dict>
		<key>2C8D2408184C6B0600F089B9</key>
		<dict>
			<key>fileRef</key>
			<string>2C8D2407184C6B0600F089B9</string>
			<key>isa</key>
			<string>PBXBuildFile</string>
		</dict>
		<key>2C8D2409184C715E00F089B9</key>
		<dict>
			<key>fileEncoding</key>
			<string>4</string>
			<key>isa</key>
			<string>PBXFileReference</string>
			<key>lastKnownFileType</key>
			<string>sourcecode.c.h</string>
			<key>lineEnding</key>
			<string>0</string>
			<key>path</key>
			<string>CABLResourceLoader.h</string>
			<key>sourceTree</key>
			<string>&lt;group&gt;</string>
			<key>xcLanguageSpecificationIdentifier</key>
			<string>xcode.lang.objcpp</string>
		</dict>
		<key>2C8D240A184C715E00F089B9</key>
		<dict>
			<key>fileEncoding</key>
			<string>4</string>
			<key>isa</key>
			<string>PBXFileReference</string>
			<key>lastKnownFileType</key>
			<string>sourcecode.c.objc</string>
			<key>lineEnding</key>
			<string>0</string>
			<key>path</key>
			<string>CABLResourceLoader.m</string>
			<key>sourceTree</key>
			<string>&lt;group&gt;</string>
			<key>xcLanguageSpecificationIdentifier</key>
			<string>xcode.lang.objc</string>
		</dict>
		<key>2C8D240B184C715E00F089B9</key>
		<dict>
			<key>fileRef</key>
			<string>2C8D240A184C715E00F089B9</string>
			<key>isa</key>
			<string>PBXBuildFile</string>
		</dict>
		<key>2C9B9FD0186CC1CC00779111</key>
		<dict>
			<key>fileEncoding</key>
			<string>4</string>
			<key>isa</key>
			<string>PBXFileReference</string>
			<key>lastKnownFileType</key>
			<string>sourcecode.c.h</string>
			<key>path</key>
			<string>SelectionClockViewController.h</string>
			<key>sourceTree</key>
			<string>&lt;group&gt;</string>
		</dict>
		<key>2C9B9FD1186CC1CC00779111</key>
		<dict>
			<key>fileEncoding</key>
			<string>4</string>
			<key>isa</key>
			<string>PBXFileReference</string>
			<key>lastKnownFileType</key>
			<string>sourcecode.c.objc</string>
			<key>path</key>
			<string>SelectionClockViewController.m</string>
			<key>sourceTree</key>
			<string>&lt;group&gt;</string>
		</dict>
		<key>2C9B9FD2186CC1CC00779111</key>
		<dict>
			<key>fileRef</key>
			<string>2C9B9FD1186CC1CC00779111</string>
			<key>isa</key>
			<string>PBXBuildFile</string>
		</dict>
		<key>2C9B9FD6186D243200779111</key>
		<dict>
			<key>fileEncoding</key>
			<string>4</string>
			<key>isa</key>
			<string>PBXFileReference</string>
			<key>lastKnownFileType</key>
			<string>sourcecode.c.h</string>
			<key>path</key>
			<string>SelectionActionStartViewController.h</string>
			<key>sourceTree</key>
			<string>&lt;group&gt;</string>
		</dict>
		<key>2C9B9FD7186D243200779111</key>
		<dict>
			<key>fileEncoding</key>
			<string>4</string>
			<key>isa</key>
			<string>PBXFileReference</string>
			<key>lastKnownFileType</key>
			<string>sourcecode.c.objc</string>
			<key>path</key>
			<string>SelectionActionStartViewController.m</string>
			<key>sourceTree</key>
			<string>&lt;group&gt;</string>
		</dict>
		<key>2C9B9FD8186D243200779111</key>
		<dict>
			<key>fileRef</key>
			<string>2C9B9FD7186D243200779111</string>
			<key>isa</key>
			<string>PBXBuildFile</string>
		</dict>
		<key>2C9B9FD9186D244000779111</key>
		<dict>
			<key>fileEncoding</key>
			<string>4</string>
			<key>isa</key>
			<string>PBXFileReference</string>
			<key>lastKnownFileType</key>
			<string>sourcecode.c.h</string>
			<key>path</key>
			<string>SelectionActionMeetingViewController.h</string>
			<key>sourceTree</key>
			<string>&lt;group&gt;</string>
		</dict>
		<key>2C9B9FDA186D244000779111</key>
		<dict>
			<key>fileEncoding</key>
			<string>4</string>
			<key>isa</key>
			<string>PBXFileReference</string>
			<key>lastKnownFileType</key>
			<string>sourcecode.c.objc</string>
			<key>path</key>
			<string>SelectionActionMeetingViewController.m</string>
			<key>sourceTree</key>
			<string>&lt;group&gt;</string>
		</dict>
		<key>2C9B9FDB186D244000779111</key>
		<dict>
			<key>fileRef</key>
			<string>2C9B9FDA186D244000779111</string>
			<key>isa</key>
			<string>PBXBuildFile</string>
		</dict>
		<key>2C9B9FDC186D300700779111</key>
		<dict>
			<key>fileEncoding</key>
			<string>4</string>
			<key>isa</key>
			<string>PBXFileReference</string>
			<key>lastKnownFileType</key>
			<string>sourcecode.c.objc</string>
			<key>path</key>
			<string>CABLEventTest.m</string>
			<key>sourceTree</key>
			<string>&lt;group&gt;</string>
		</dict>
		<key>2C9B9FDD186D300700779111</key>
		<dict>
			<key>fileRef</key>
			<string>2C9B9FDC186D300700779111</string>
			<key>isa</key>
			<string>PBXBuildFile</string>
		</dict>
		<key>2C9B9FDE186D391700779111</key>
		<dict>
			<key>fileEncoding</key>
			<string>4</string>
			<key>isa</key>
			<string>PBXFileReference</string>
			<key>lastKnownFileType</key>
			<string>sourcecode.c.objc</string>
			<key>path</key>
			<string>CABLModelTest.m</string>
			<key>sourceTree</key>
			<string>&lt;group&gt;</string>
		</dict>
		<key>2C9B9FDF186D391700779111</key>
		<dict>
			<key>fileRef</key>
			<string>2C9B9FDE186D391700779111</string>
			<key>isa</key>
			<string>PBXBuildFile</string>
		</dict>
		<key>2C9B9FE0186D396800779111</key>
		<dict>
			<key>fileEncoding</key>
			<string>4</string>
			<key>isa</key>
			<string>PBXFileReference</string>
			<key>lastKnownFileType</key>
			<string>sourcecode.c.h</string>
			<key>path</key>
			<string>CABLModelTest.h</string>
			<key>sourceTree</key>
			<string>&lt;group&gt;</string>
		</dict>
		<key>2C9B9FE1186D47D600779111</key>
		<dict>
			<key>fileEncoding</key>
			<string>4</string>
			<key>isa</key>
			<string>PBXFileReference</string>
			<key>lastKnownFileType</key>
			<string>sourcecode.c.h</string>
			<key>path</key>
			<string>NSDate+Additions.h</string>
			<key>sourceTree</key>
			<string>&lt;group&gt;</string>
		</dict>
		<key>2C9B9FE2186D47D600779111</key>
		<dict>
			<key>fileEncoding</key>
			<string>4</string>
			<key>isa</key>
			<string>PBXFileReference</string>
			<key>lastKnownFileType</key>
			<string>sourcecode.c.objc</string>
			<key>path</key>
			<string>NSDate+Additions.m</string>
			<key>sourceTree</key>
			<string>&lt;group&gt;</string>
		</dict>
		<key>2C9B9FE3186D47D600779111</key>
		<dict>
			<key>fileRef</key>
			<string>2C9B9FE2186D47D600779111</string>
			<key>isa</key>
			<string>PBXBuildFile</string>
		</dict>
		<key>2CA0481C1852EC2400BC95C4</key>
		<dict>
			<key>fileEncoding</key>
			<string>4</string>
			<key>isa</key>
			<string>PBXFileReference</string>
			<key>lastKnownFileType</key>
			<string>sourcecode.c.h</string>
			<key>lineEnding</key>
			<string>0</string>
			<key>path</key>
			<string>SelectionViewController.h</string>
			<key>sourceTree</key>
			<string>&lt;group&gt;</string>
			<key>xcLanguageSpecificationIdentifier</key>
			<string>xcode.lang.objcpp</string>
		</dict>
		<key>2CA0481D1852EC2400BC95C4</key>
		<dict>
			<key>fileEncoding</key>
			<string>4</string>
			<key>isa</key>
			<string>PBXFileReference</string>
			<key>lastKnownFileType</key>
			<string>sourcecode.c.objc</string>
			<key>lineEnding</key>
			<string>0</string>
			<key>path</key>
			<string>SelectionViewController.m</string>
			<key>sourceTree</key>
			<string>&lt;group&gt;</string>
			<key>xcLanguageSpecificationIdentifier</key>
			<string>xcode.lang.objc</string>
		</dict>
		<key>2CA0481E1852EC2400BC95C4</key>
		<dict>
			<key>fileRef</key>
			<string>2CA0481D1852EC2400BC95C4</string>
			<key>isa</key>
			<string>PBXBuildFile</string>
		</dict>
		<key>2CA0481F1852EEC900BC95C4</key>
		<dict>
			<key>fileEncoding</key>
			<string>4</string>
			<key>isa</key>
			<string>PBXFileReference</string>
			<key>lastKnownFileType</key>
			<string>sourcecode.c.h</string>
			<key>lineEnding</key>
			<string>0</string>
			<key>path</key>
			<string>ClockButton.h</string>
			<key>sourceTree</key>
			<string>&lt;group&gt;</string>
			<key>xcLanguageSpecificationIdentifier</key>
			<string>xcode.lang.objcpp</string>
		</dict>
		<key>2CA048201852EEC900BC95C4</key>
		<dict>
			<key>fileEncoding</key>
			<string>4</string>
			<key>isa</key>
			<string>PBXFileReference</string>
			<key>lastKnownFileType</key>
			<string>sourcecode.c.objc</string>
			<key>lineEnding</key>
			<string>0</string>
			<key>path</key>
			<string>ClockButton.m</string>
			<key>sourceTree</key>
			<string>&lt;group&gt;</string>
			<key>xcLanguageSpecificationIdentifier</key>
			<string>xcode.lang.objc</string>
		</dict>
		<key>2CA048211852EEC900BC95C4</key>
		<dict>
			<key>fileRef</key>
			<string>2CA048201852EEC900BC95C4</string>
			<key>isa</key>
			<string>PBXBuildFile</string>
		</dict>
		<key>2CA048221853021400BC95C4</key>
		<dict>
			<key>fileEncoding</key>
			<string>4</string>
			<key>isa</key>
			<string>PBXFileReference</string>
			<key>lastKnownFileType</key>
			<string>sourcecode.c.h</string>
			<key>lineEnding</key>
			<string>0</string>
			<key>path</key>
			<string>CurrentTimeView.h</string>
			<key>sourceTree</key>
			<string>&lt;group&gt;</string>
			<key>xcLanguageSpecificationIdentifier</key>
			<string>xcode.lang.objcpp</string>
		</dict>
		<key>2CA048231853021400BC95C4</key>
		<dict>
			<key>fileEncoding</key>
			<string>4</string>
			<key>isa</key>
			<string>PBXFileReference</string>
			<key>lastKnownFileType</key>
			<string>sourcecode.c.objc</string>
			<key>lineEnding</key>
			<string>0</string>
			<key>path</key>
			<string>CurrentTimeView.m</string>
			<key>sourceTree</key>
			<string>&lt;group&gt;</string>
			<key>xcLanguageSpecificationIdentifier</key>
			<string>xcode.lang.objc</string>
		</dict>
		<key>2CA048241853021400BC95C4</key>
		<dict>
			<key>fileRef</key>
			<string>2CA048231853021400BC95C4</string>
			<key>isa</key>
			<string>PBXBuildFile</string>
		</dict>
		<key>2CC09B21185E179B00DE10FA</key>
		<dict>
			<key>fileEncoding</key>
			<string>4</string>
			<key>isa</key>
			<string>PBXFileReference</string>
			<key>lastKnownFileType</key>
			<string>sourcecode.c.h</string>
			<key>path</key>
			<string>CABLUser.h</string>
			<key>sourceTree</key>
			<string>&lt;group&gt;</string>
		</dict>
		<key>2CC09B22185E179B00DE10FA</key>
		<dict>
			<key>fileEncoding</key>
			<string>4</string>
			<key>isa</key>
			<string>PBXFileReference</string>
			<key>lastKnownFileType</key>
			<string>sourcecode.c.objc</string>
			<key>path</key>
			<string>CABLUser.m</string>
			<key>sourceTree</key>
			<string>&lt;group&gt;</string>
		</dict>
		<key>2CC09B23185E179B00DE10FA</key>
		<dict>
			<key>fileRef</key>
			<string>2CC09B22185E179B00DE10FA</string>
			<key>isa</key>
			<string>PBXBuildFile</string>
		</dict>
		<key>2CC09B24185EEB4700DE10FA</key>
		<dict>
			<key>fileEncoding</key>
			<string>4</string>
			<key>isa</key>
			<string>PBXFileReference</string>
			<key>lastKnownFileType</key>
			<string>text.json</string>
			<key>path</key>
			<string>plus-people-get.json</string>
			<key>sourceTree</key>
			<string>&lt;group&gt;</string>
		</dict>
		<key>2CC09B25185EEB4700DE10FA</key>
		<dict>
			<key>fileRef</key>
			<string>2CC09B24185EEB4700DE10FA</string>
			<key>isa</key>
			<string>PBXBuildFile</string>
		</dict>
		<key>2CCBBE3E1883AF1700FB7A6B</key>
		<dict>
			<key>fileEncoding</key>
			<string>4</string>
			<key>isa</key>
			<string>PBXFileReference</string>
			<key>lastKnownFileType</key>
			<string>sourcecode.c.h</string>
			<key>path</key>
			<string>SettingsDetailViewController.h</string>
			<key>sourceTree</key>
			<string>&lt;group&gt;</string>
		</dict>
		<key>2CCBBE3F1883AF1700FB7A6B</key>
		<dict>
			<key>fileEncoding</key>
			<string>4</string>
			<key>isa</key>
			<string>PBXFileReference</string>
			<key>lastKnownFileType</key>
			<string>sourcecode.c.objc</string>
			<key>path</key>
			<string>SettingsDetailViewController.m</string>
			<key>sourceTree</key>
			<string>&lt;group&gt;</string>
		</dict>
		<key>2CCBBE401883AF1700FB7A6B</key>
		<dict>
			<key>fileRef</key>
			<string>2CCBBE3F1883AF1700FB7A6B</string>
			<key>isa</key>
			<string>PBXBuildFile</string>
		</dict>
		<key>2CDA650F1861802400E84AB4</key>
		<dict>
			<key>fileEncoding</key>
			<string>4</string>
			<key>isa</key>
			<string>PBXFileReference</string>
			<key>lastKnownFileType</key>
			<string>sourcecode.c.h</string>
			<key>path</key>
			<string>EventViewController.h</string>
			<key>sourceTree</key>
			<string>&lt;group&gt;</string>
		</dict>
		<key>2CDA65101861802400E84AB4</key>
		<dict>
			<key>fileEncoding</key>
			<string>4</string>
			<key>isa</key>
			<string>PBXFileReference</string>
			<key>lastKnownFileType</key>
			<string>sourcecode.c.objc</string>
			<key>path</key>
			<string>EventViewController.m</string>
			<key>sourceTree</key>
			<string>&lt;group&gt;</string>
		</dict>
		<key>2CDA65111861802400E84AB4</key>
		<dict>
			<key>fileRef</key>
			<string>2CDA65101861802400E84AB4</string>
			<key>isa</key>
			<string>PBXBuildFile</string>
		</dict>
		<key>2CF2E11B184DABF3001C5835</key>
		<dict>
			<key>fileEncoding</key>
			<string>4</string>
			<key>isa</key>
			<string>PBXFileReference</string>
			<key>lastKnownFileType</key>
			<string>sourcecode.c.h</string>
			<key>lineEnding</key>
			<string>0</string>
			<key>path</key>
			<string>CABLResource.h</string>
			<key>sourceTree</key>
			<string>&lt;group&gt;</string>
			<key>xcLanguageSpecificationIdentifier</key>
			<string>xcode.lang.objcpp</string>
		</dict>
		<key>2CF2E11C184DABF3001C5835</key>
		<dict>
			<key>fileEncoding</key>
			<string>4</string>
			<key>isa</key>
			<string>PBXFileReference</string>
			<key>lastKnownFileType</key>
			<string>sourcecode.c.objc</string>
			<key>lineEnding</key>
			<string>0</string>
			<key>path</key>
			<string>CABLResource.m</string>
			<key>sourceTree</key>
			<string>&lt;group&gt;</string>
			<key>xcLanguageSpecificationIdentifier</key>
			<string>xcode.lang.objc</string>
		</dict>
		<key>2CF2E11D184DABF3001C5835</key>
		<dict>
			<key>fileRef</key>
			<string>2CF2E11C184DABF3001C5835</string>
			<key>isa</key>
			<string>PBXBuildFile</string>
		</dict>
		<key>2CF2E11E184DBAF0001C5835</key>
		<dict>
			<key>fileEncoding</key>
			<string>4</string>
			<key>isa</key>
			<string>PBXFileReference</string>
			<key>lastKnownFileType</key>
			<string>sourcecode.c.objc</string>
			<key>lineEnding</key>
			<string>0</string>
			<key>path</key>
			<string>CABLResourceTest.m</string>
			<key>sourceTree</key>
			<string>&lt;group&gt;</string>
			<key>xcLanguageSpecificationIdentifier</key>
			<string>xcode.lang.objc</string>
		</dict>
		<key>2CF2E11F184DBAF0001C5835</key>
		<dict>
			<key>fileRef</key>
			<string>2CF2E11E184DBAF0001C5835</string>
			<key>isa</key>
			<string>PBXBuildFile</string>
		</dict>
		<key>2CF2E120184DBD00001C5835</key>
		<dict>
			<key>isa</key>
			<string>PBXFileReference</string>
			<key>lastKnownFileType</key>
			<string>file</string>
			<key>path</key>
			<string>resources_template.db</string>
			<key>sourceTree</key>
			<string>&lt;group&gt;</string>
		</dict>
		<key>2CF2E121184DBD00001C5835</key>
		<dict>
			<key>fileRef</key>
			<string>2CF2E120184DBD00001C5835</string>
			<key>isa</key>
			<string>PBXBuildFile</string>
		</dict>
		<key>2CFDF48018643C2000191B5E</key>
		<dict>
			<key>fileEncoding</key>
			<string>4</string>
			<key>isa</key>
			<string>PBXFileReference</string>
			<key>lastKnownFileType</key>
			<string>sourcecode.c.h</string>
			<key>path</key>
			<string>RoomTickerView.h</string>
			<key>sourceTree</key>
			<string>&lt;group&gt;</string>
		</dict>
		<key>2CFDF48118643C2000191B5E</key>
		<dict>
			<key>fileEncoding</key>
			<string>4</string>
			<key>isa</key>
			<string>PBXFileReference</string>
			<key>lastKnownFileType</key>
			<string>sourcecode.c.objc</string>
			<key>path</key>
			<string>RoomTickerView.m</string>
			<key>sourceTree</key>
			<string>&lt;group&gt;</string>
		</dict>
		<key>2CFDF48218643C2000191B5E</key>
		<dict>
			<key>fileRef</key>
			<string>2CFDF48118643C2000191B5E</string>
			<key>isa</key>
			<string>PBXBuildFile</string>
		</dict>
		<key>480D38A69EE84F0CA1FA33F4</key>
		<dict>
			<key>fileRef</key>
			<string>A0CECBAE01E7417B8BC01B24</string>
			<key>isa</key>
			<string>PBXBuildFile</string>
		</dict>
		<key>4B08B82FAAEDDD3890909B35</key>
		<dict>
			<key>includeInIndex</key>
			<string>1</string>
			<key>isa</key>
			<string>PBXFileReference</string>
			<key>lastKnownFileType</key>
			<string>text.xcconfig</string>
			<key>name</key>
			<string>Pods.debug.xcconfig</string>
			<key>path</key>
			<string>Pods/Target Support Files/Pods/Pods.debug.xcconfig</string>
			<key>sourceTree</key>
			<string>&lt;group&gt;</string>
		</dict>
		<key>5F00DD307C924EAE9663CC37</key>
		<dict>
			<key>buildActionMask</key>
			<string>2147483647</string>
			<key>files</key>
			<array/>
			<key>inputPaths</key>
			<array/>
			<key>isa</key>
			<string>PBXShellScriptBuildPhase</string>
			<key>name</key>
			<string>Check Pods Manifest.lock</string>
			<key>outputPaths</key>
			<array/>
			<key>runOnlyForDeploymentPostprocessing</key>
			<string>0</string>
			<key>shellPath</key>
			<string>/bin/sh</string>
			<key>shellScript</key>
			<string>diff "${PODS_ROOT}/../Podfile.lock" "${PODS_ROOT}/Manifest.lock" &gt; /dev/null
if [[ $? != 0 ]] ; then
    cat &lt;&lt; EOM
error: The sandbox is not in sync with the Podfile.lock. Run 'pod install' or update your CocoaPods installation.
EOM
    exit 1
fi
</string>
			<key>showEnvVarsInLog</key>
			<string>0</string>
		</dict>
		<key>63838D431343475FAEDF0AD6</key>
		<dict>
			<key>explicitFileType</key>
			<string>archive.ar</string>
			<key>includeInIndex</key>
			<string>0</string>
			<key>isa</key>
			<string>PBXFileReference</string>
			<key>path</key>
			<string>libPods-CalBrowserTests.a</string>
			<key>sourceTree</key>
			<string>BUILT_PRODUCTS_DIR</string>
		</dict>
		<key>65AE65FD67A7953D701D8AB9</key>
		<dict>
			<key>includeInIndex</key>
			<string>1</string>
			<key>isa</key>
			<string>PBXFileReference</string>
			<key>lastKnownFileType</key>
			<string>text.xcconfig</string>
			<key>name</key>
			<string>Pods.release.xcconfig</string>
			<key>path</key>
			<string>Pods/Target Support Files/Pods/Pods.release.xcconfig</string>
			<key>sourceTree</key>
			<string>&lt;group&gt;</string>
		</dict>
		<key>82D6EFC1058F43E09AB0DB57</key>
		<dict>
			<key>buildActionMask</key>
			<string>2147483647</string>
			<key>files</key>
			<array/>
			<key>inputPaths</key>
			<array/>
			<key>isa</key>
			<string>PBXShellScriptBuildPhase</string>
			<key>name</key>
			<string>Copy Pods Resources</string>
			<key>outputPaths</key>
			<array/>
			<key>runOnlyForDeploymentPostprocessing</key>
			<string>0</string>
			<key>shellPath</key>
			<string>/bin/sh</string>
			<key>shellScript</key>
			<string>"${SRCROOT}/Pods/Target Support Files/Pods/Pods-resources.sh"
</string>
			<key>showEnvVarsInLog</key>
			<string>0</string>
		</dict>
		<key>8738D8257092453DAABEA4EA</key>
		<dict>
			<key>buildActionMask</key>
			<string>2147483647</string>
			<key>files</key>
			<array/>
			<key>inputPaths</key>
			<array/>
			<key>isa</key>
			<string>PBXShellScriptBuildPhase</string>
			<key>name</key>
			<string>Copy Pods Resources</string>
			<key>outputPaths</key>
			<array/>
			<key>runOnlyForDeploymentPostprocessing</key>
			<string>0</string>
			<key>shellPath</key>
			<string>/bin/sh</string>
			<key>shellScript</key>
			<string>"${SRCROOT}/Pods/Target Support Files/Pods-CalBrowserTests/Pods-CalBrowserTests-resources.sh"
</string>
			<key>showEnvVarsInLog</key>
			<string>0</string>
		</dict>
		<key>9029189898C54BA080AACCE2</key>
		<dict>
			<key>fileRef</key>
			<string>63838D431343475FAEDF0AD6</string>
			<key>isa</key>
			<string>PBXBuildFile</string>
		</dict>
		<key>A0C7CC48FC24C99CB7824842</key>
		<dict>
			<key>includeInIndex</key>
			<string>1</string>
			<key>isa</key>
			<string>PBXFileReference</string>
			<key>lastKnownFileType</key>
			<string>text.xcconfig</string>
			<key>name</key>
			<string>Pods-CalBrowserTests.debug.xcconfig</string>
			<key>path</key>
			<string>Pods/Target Support Files/Pods-CalBrowserTests/Pods-CalBrowserTests.debug.xcconfig</string>
			<key>sourceTree</key>
			<string>&lt;group&gt;</string>
		</dict>
		<key>A0CECBAE01E7417B8BC01B24</key>
		<dict>
			<key>explicitFileType</key>
			<string>archive.ar</string>
			<key>includeInIndex</key>
			<string>0</string>
			<key>isa</key>
			<string>PBXFileReference</string>
			<key>path</key>
			<string>libPods.a</string>
			<key>sourceTree</key>
			<string>BUILT_PRODUCTS_DIR</string>
		</dict>
		<key>DE753509F4D2427886384626</key>
		<dict>
			<key>buildActionMask</key>
			<string>2147483647</string>
			<key>files</key>
			<array/>
			<key>inputPaths</key>
			<array/>
			<key>isa</key>
			<string>PBXShellScriptBuildPhase</string>
			<key>name</key>
			<string>Check Pods Manifest.lock</string>
			<key>outputPaths</key>
			<array/>
			<key>runOnlyForDeploymentPostprocessing</key>
			<string>0</string>
			<key>shellPath</key>
			<string>/bin/sh</string>
			<key>shellScript</key>
			<string>diff "${PODS_ROOT}/../Podfile.lock" "${PODS_ROOT}/Manifest.lock" &gt; /dev/null
if [[ $? != 0 ]] ; then
    cat &lt;&lt; EOM
error: The sandbox is not in sync with the Podfile.lock. Run 'pod install' or update your CocoaPods installation.
EOM
    exit 1
fi
</string>
			<key>showEnvVarsInLog</key>
			<string>0</string>
		</dict>
		<key>E2338A740322B6C769B53C94</key>
		<dict>
			<key>includeInIndex</key>
			<string>1</string>
			<key>isa</key>
			<string>PBXFileReference</string>
			<key>lastKnownFileType</key>
			<string>text.xcconfig</string>
			<key>name</key>
			<string>Pods-CalBrowserTests.release.xcconfig</string>
			<key>path</key>
			<string>Pods/Target Support Files/Pods-CalBrowserTests/Pods-CalBrowserTests.release.xcconfig</string>
			<key>sourceTree</key>
			<string>&lt;group&gt;</string>
		</dict>
		<key>FD9757F395430C99A041DEDF</key>
		<dict>
			<key>children</key>
			<array>
				<string>4B08B82FAAEDDD3890909B35</string>
				<string>65AE65FD67A7953D701D8AB9</string>
				<string>A0C7CC48FC24C99CB7824842</string>
				<string>E2338A740322B6C769B53C94</string>
			</array>
			<key>isa</key>
			<string>PBXGroup</string>
			<key>name</key>
			<string>Pods</string>
			<key>sourceTree</key>
			<string>&lt;group&gt;</string>
		</dict>
	</dict>
	<key>rootObject</key>
	<string>2C8D22C718482D0800F089B9</string>
</dict>
</plist>
